
Microsoft Visual Studio Solution File, Format Version 12.00
# Visual Studio 15
VisualStudioVersion = 15.0.26124.0
MinimumVisualStudioVersion = 15.0.26124.0
Project("{2150E333-8FDC-42A3-9474-1A3956D46DE8}") = "src", "src", "{D1FA010D-4E50-4A21-A0BE-B2204038CB70}"
EndProject
Project("{2150E333-8FDC-42A3-9474-1A3956D46DE8}") = "Presentation", "Presentation", "{73C5A126-78B7-4DA4-91EC-206F07D80AFC}"
EndProject
Project("{2150E333-8FDC-42A3-9474-1A3956D46DE8}") = "Compute", "Compute", "{686FBD61-1135-47D2-A01C-F08D8817974C}"
EndProject
Project("{FAE04EC0-301F-11D3-BF4B-00C04F79EFBC}") = "CalculateInterest.Compute.API", "src\Presentation\Compute\CalculateInterest.Compute.API\CalculateInterest.Compute.API.csproj", "{143F6389-F452-4E48-AC8D-559CD67A0BF4}"
EndProject
Project("{2150E333-8FDC-42A3-9474-1A3956D46DE8}") = "Rate", "Rate", "{F7AFAA50-0C31-49B9-8861-EAF8DAC6A54C}"
EndProject
Project("{FAE04EC0-301F-11D3-BF4B-00C04F79EFBC}") = "CalculateInterest.Rate.API", "src\Presentation\Rate\CalculateInterest.Rate.API\CalculateInterest.Rate.API.csproj", "{9DAADE4E-1CD5-4DD5-8879-13865268378C}"
EndProject
Project("{2150E333-8FDC-42A3-9474-1A3956D46DE8}") = "Application", "Application", "{E3BE1258-F936-4A27-A0C1-B726EA4A8253}"
EndProject
Project("{FAE04EC0-301F-11D3-BF4B-00C04F79EFBC}") = "CalculateInterest.Application", "src\Application\CalculateInterest.Application\CalculateInterest.Application.csproj", "{76B580E5-1185-44C1-B0C6-7523003506A9}"
EndProject
Project("{FAE04EC0-301F-11D3-BF4B-00C04F79EFBC}") = "CalculateInterest.Application.DTO", "src\Application\CalculateInterest.Application.DTO\CalculateInterest.Application.DTO.csproj", "{0E752B72-9407-4BF2-B97B-7A11DE39E85A}"
EndProject
Project("{2150E333-8FDC-42A3-9474-1A3956D46DE8}") = "Core", "Core", "{03DC353D-955B-482A-9045-878A451B5A6D}"
EndProject
Project("{FAE04EC0-301F-11D3-BF4B-00C04F79EFBC}") = "CalculateInterest.Core", "src\Core\CalculateInterest.Core\CalculateInterest.Core.csproj", "{4A3D87A0-93D4-4F27-BCA7-184FDD790A83}"
EndProject
Project("{2150E333-8FDC-42A3-9474-1A3956D46DE8}") = "tests", "tests", "{BA585B52-A175-41CB-BBF3-82D3B142164C}"
EndProject
Project("{2150E333-8FDC-42A3-9474-1A3956D46DE8}") = "Application", "Application", "{938871EB-D0A3-4374-A332-3257B0E8A49C}"
EndProject
Project("{FAE04EC0-301F-11D3-BF4B-00C04F79EFBC}") = "CalculateInterest.Application.Tests", "tests\Application\CalculateInterest.Application.Tests\CalculateInterest.Application.Tests.csproj", "{5DC16D1C-FD46-4D27-811F-8B8DE8A642BB}"
EndProject
Project("{2150E333-8FDC-42A3-9474-1A3956D46DE8}") = "Presentation", "Presentation", "{C990F8F1-9EEF-43C2-85DA-A9FC8D3265AD}"
EndProject
Project("{2150E333-8FDC-42A3-9474-1A3956D46DE8}") = "Compute", "Compute", "{8BD1FA41-40C1-4046-BA96-A124C5A0EC24}"
EndProject
Project("{FAE04EC0-301F-11D3-BF4B-00C04F79EFBC}") = "CalculateInterest.Compute.API.Tests", "tests\Presentation\Compute\CalculateInterest.Compute.API.Tests\CalculateInterest.Compute.API.Tests.csproj", "{249C7460-DB7B-4F9E-883F-BE5423502A02}"
EndProject
Project("{2150E333-8FDC-42A3-9474-1A3956D46DE8}") = "Rate", "Rate", "{F20C1301-FF43-499B-8E58-B60667C52051}"
EndProject
Project("{FAE04EC0-301F-11D3-BF4B-00C04F79EFBC}") = "CalculateInterest.Rate.API.Tests", "tests\Presentation\Rate\CalculateInterest.Rate.API.Tests\CalculateInterest.Rate.API.Tests.csproj", "{E02A7EEB-5A6C-4B74-BCE7-D38742CAD851}"
EndProject
Global
	GlobalSection(SolutionConfigurationPlatforms) = preSolution
		Debug|Any CPU = Debug|Any CPU
		Debug|x64 = Debug|x64
		Debug|x86 = Debug|x86
		Release|Any CPU = Release|Any CPU
		Release|x64 = Release|x64
		Release|x86 = Release|x86
	EndGlobalSection
	GlobalSection(SolutionProperties) = preSolution
		HideSolutionNode = FALSE
	EndGlobalSection
	GlobalSection(ProjectConfigurationPlatforms) = postSolution
		{143F6389-F452-4E48-AC8D-559CD67A0BF4}.Debug|Any CPU.ActiveCfg = Debug|Any CPU
		{143F6389-F452-4E48-AC8D-559CD67A0BF4}.Debug|Any CPU.Build.0 = Debug|Any CPU
		{143F6389-F452-4E48-AC8D-559CD67A0BF4}.Debug|x64.ActiveCfg = Debug|Any CPU
		{143F6389-F452-4E48-AC8D-559CD67A0BF4}.Debug|x64.Build.0 = Debug|Any CPU
		{143F6389-F452-4E48-AC8D-559CD67A0BF4}.Debug|x86.ActiveCfg = Debug|Any CPU
		{143F6389-F452-4E48-AC8D-559CD67A0BF4}.Debug|x86.Build.0 = Debug|Any CPU
		{143F6389-F452-4E48-AC8D-559CD67A0BF4}.Release|Any CPU.ActiveCfg = Release|Any CPU
		{143F6389-F452-4E48-AC8D-559CD67A0BF4}.Release|Any CPU.Build.0 = Release|Any CPU
		{143F6389-F452-4E48-AC8D-559CD67A0BF4}.Release|x64.ActiveCfg = Release|Any CPU
		{143F6389-F452-4E48-AC8D-559CD67A0BF4}.Release|x64.Build.0 = Release|Any CPU
		{143F6389-F452-4E48-AC8D-559CD67A0BF4}.Release|x86.ActiveCfg = Release|Any CPU
		{143F6389-F452-4E48-AC8D-559CD67A0BF4}.Release|x86.Build.0 = Release|Any CPU
		{9DAADE4E-1CD5-4DD5-8879-13865268378C}.Debug|Any CPU.ActiveCfg = Debug|Any CPU
		{9DAADE4E-1CD5-4DD5-8879-13865268378C}.Debug|Any CPU.Build.0 = Debug|Any CPU
		{9DAADE4E-1CD5-4DD5-8879-13865268378C}.Debug|x64.ActiveCfg = Debug|Any CPU
		{9DAADE4E-1CD5-4DD5-8879-13865268378C}.Debug|x64.Build.0 = Debug|Any CPU
		{9DAADE4E-1CD5-4DD5-8879-13865268378C}.Debug|x86.ActiveCfg = Debug|Any CPU
		{9DAADE4E-1CD5-4DD5-8879-13865268378C}.Debug|x86.Build.0 = Debug|Any CPU
		{9DAADE4E-1CD5-4DD5-8879-13865268378C}.Release|Any CPU.ActiveCfg = Release|Any CPU
		{9DAADE4E-1CD5-4DD5-8879-13865268378C}.Release|Any CPU.Build.0 = Release|Any CPU
		{9DAADE4E-1CD5-4DD5-8879-13865268378C}.Release|x64.ActiveCfg = Release|Any CPU
		{9DAADE4E-1CD5-4DD5-8879-13865268378C}.Release|x64.Build.0 = Release|Any CPU
		{9DAADE4E-1CD5-4DD5-8879-13865268378C}.Release|x86.ActiveCfg = Release|Any CPU
		{9DAADE4E-1CD5-4DD5-8879-13865268378C}.Release|x86.Build.0 = Release|Any CPU
		{76B580E5-1185-44C1-B0C6-7523003506A9}.Debug|Any CPU.ActiveCfg = Debug|Any CPU
		{76B580E5-1185-44C1-B0C6-7523003506A9}.Debug|Any CPU.Build.0 = Debug|Any CPU
		{76B580E5-1185-44C1-B0C6-7523003506A9}.Debug|x64.ActiveCfg = Debug|Any CPU
		{76B580E5-1185-44C1-B0C6-7523003506A9}.Debug|x64.Build.0 = Debug|Any CPU
		{76B580E5-1185-44C1-B0C6-7523003506A9}.Debug|x86.ActiveCfg = Debug|Any CPU
		{76B580E5-1185-44C1-B0C6-7523003506A9}.Debug|x86.Build.0 = Debug|Any CPU
		{76B580E5-1185-44C1-B0C6-7523003506A9}.Release|Any CPU.ActiveCfg = Release|Any CPU
		{76B580E5-1185-44C1-B0C6-7523003506A9}.Release|Any CPU.Build.0 = Release|Any CPU
		{76B580E5-1185-44C1-B0C6-7523003506A9}.Release|x64.ActiveCfg = Release|Any CPU
		{76B580E5-1185-44C1-B0C6-7523003506A9}.Release|x64.Build.0 = Release|Any CPU
		{76B580E5-1185-44C1-B0C6-7523003506A9}.Release|x86.ActiveCfg = Release|Any CPU
		{76B580E5-1185-44C1-B0C6-7523003506A9}.Release|x86.Build.0 = Release|Any CPU
		{0E752B72-9407-4BF2-B97B-7A11DE39E85A}.Debug|Any CPU.ActiveCfg = Debug|Any CPU
		{0E752B72-9407-4BF2-B97B-7A11DE39E85A}.Debug|Any CPU.Build.0 = Debug|Any CPU
		{0E752B72-9407-4BF2-B97B-7A11DE39E85A}.Debug|x64.ActiveCfg = Debug|Any CPU
		{0E752B72-9407-4BF2-B97B-7A11DE39E85A}.Debug|x64.Build.0 = Debug|Any CPU
		{0E752B72-9407-4BF2-B97B-7A11DE39E85A}.Debug|x86.ActiveCfg = Debug|Any CPU
		{0E752B72-9407-4BF2-B97B-7A11DE39E85A}.Debug|x86.Build.0 = Debug|Any CPU
		{0E752B72-9407-4BF2-B97B-7A11DE39E85A}.Release|Any CPU.ActiveCfg = Release|Any CPU
		{0E752B72-9407-4BF2-B97B-7A11DE39E85A}.Release|Any CPU.Build.0 = Release|Any CPU
		{0E752B72-9407-4BF2-B97B-7A11DE39E85A}.Release|x64.ActiveCfg = Release|Any CPU
		{0E752B72-9407-4BF2-B97B-7A11DE39E85A}.Release|x64.Build.0 = Release|Any CPU
		{0E752B72-9407-4BF2-B97B-7A11DE39E85A}.Release|x86.ActiveCfg = Release|Any CPU
		{0E752B72-9407-4BF2-B97B-7A11DE39E85A}.Release|x86.Build.0 = Release|Any CPU
		{4A3D87A0-93D4-4F27-BCA7-184FDD790A83}.Debug|Any CPU.ActiveCfg = Debug|Any CPU
		{4A3D87A0-93D4-4F27-BCA7-184FDD790A83}.Debug|Any CPU.Build.0 = Debug|Any CPU
		{4A3D87A0-93D4-4F27-BCA7-184FDD790A83}.Debug|x64.ActiveCfg = Debug|Any CPU
		{4A3D87A0-93D4-4F27-BCA7-184FDD790A83}.Debug|x64.Build.0 = Debug|Any CPU
		{4A3D87A0-93D4-4F27-BCA7-184FDD790A83}.Debug|x86.ActiveCfg = Debug|Any CPU
		{4A3D87A0-93D4-4F27-BCA7-184FDD790A83}.Debug|x86.Build.0 = Debug|Any CPU
		{4A3D87A0-93D4-4F27-BCA7-184FDD790A83}.Release|Any CPU.ActiveCfg = Release|Any CPU
		{4A3D87A0-93D4-4F27-BCA7-184FDD790A83}.Release|Any CPU.Build.0 = Release|Any CPU
		{4A3D87A0-93D4-4F27-BCA7-184FDD790A83}.Release|x64.ActiveCfg = Release|Any CPU
		{4A3D87A0-93D4-4F27-BCA7-184FDD790A83}.Release|x64.Build.0 = Release|Any CPU
		{4A3D87A0-93D4-4F27-BCA7-184FDD790A83}.Release|x86.ActiveCfg = Release|Any CPU
		{4A3D87A0-93D4-4F27-BCA7-184FDD790A83}.Release|x86.Build.0 = Release|Any CPU
		{5DC16D1C-FD46-4D27-811F-8B8DE8A642BB}.Debug|Any CPU.ActiveCfg = Debug|Any CPU
		{5DC16D1C-FD46-4D27-811F-8B8DE8A642BB}.Debug|Any CPU.Build.0 = Debug|Any CPU
		{5DC16D1C-FD46-4D27-811F-8B8DE8A642BB}.Debug|x64.ActiveCfg = Debug|Any CPU
		{5DC16D1C-FD46-4D27-811F-8B8DE8A642BB}.Debug|x64.Build.0 = Debug|Any CPU
		{5DC16D1C-FD46-4D27-811F-8B8DE8A642BB}.Debug|x86.ActiveCfg = Debug|Any CPU
		{5DC16D1C-FD46-4D27-811F-8B8DE8A642BB}.Debug|x86.Build.0 = Debug|Any CPU
		{5DC16D1C-FD46-4D27-811F-8B8DE8A642BB}.Release|Any CPU.ActiveCfg = Release|Any CPU
		{5DC16D1C-FD46-4D27-811F-8B8DE8A642BB}.Release|Any CPU.Build.0 = Release|Any CPU
		{5DC16D1C-FD46-4D27-811F-8B8DE8A642BB}.Release|x64.ActiveCfg = Release|Any CPU
		{5DC16D1C-FD46-4D27-811F-8B8DE8A642BB}.Release|x64.Build.0 = Release|Any CPU
		{5DC16D1C-FD46-4D27-811F-8B8DE8A642BB}.Release|x86.ActiveCfg = Release|Any CPU
		{5DC16D1C-FD46-4D27-811F-8B8DE8A642BB}.Release|x86.Build.0 = Release|Any CPU
		{249C7460-DB7B-4F9E-883F-BE5423502A02}.Debug|Any CPU.ActiveCfg = Debug|Any CPU
		{249C7460-DB7B-4F9E-883F-BE5423502A02}.Debug|Any CPU.Build.0 = Debug|Any CPU
		{249C7460-DB7B-4F9E-883F-BE5423502A02}.Debug|x64.ActiveCfg = Debug|Any CPU
		{249C7460-DB7B-4F9E-883F-BE5423502A02}.Debug|x64.Build.0 = Debug|Any CPU
		{249C7460-DB7B-4F9E-883F-BE5423502A02}.Debug|x86.ActiveCfg = Debug|Any CPU
		{249C7460-DB7B-4F9E-883F-BE5423502A02}.Debug|x86.Build.0 = Debug|Any CPU
		{249C7460-DB7B-4F9E-883F-BE5423502A02}.Release|Any CPU.ActiveCfg = Release|Any CPU
		{249C7460-DB7B-4F9E-883F-BE5423502A02}.Release|Any CPU.Build.0 = Release|Any CPU
		{249C7460-DB7B-4F9E-883F-BE5423502A02}.Release|x64.ActiveCfg = Release|Any CPU
		{249C7460-DB7B-4F9E-883F-BE5423502A02}.Release|x64.Build.0 = Release|Any CPU
		{249C7460-DB7B-4F9E-883F-BE5423502A02}.Release|x86.ActiveCfg = Release|Any CPU
		{249C7460-DB7B-4F9E-883F-BE5423502A02}.Release|x86.Build.0 = Release|Any CPU
		{E02A7EEB-5A6C-4B74-BCE7-D38742CAD851}.Debug|Any CPU.ActiveCfg = Debug|Any CPU
		{E02A7EEB-5A6C-4B74-BCE7-D38742CAD851}.Debug|Any CPU.Build.0 = Debug|Any CPU
		{E02A7EEB-5A6C-4B74-BCE7-D38742CAD851}.Debug|x64.ActiveCfg = Debug|Any CPU
		{E02A7EEB-5A6C-4B74-BCE7-D38742CAD851}.Debug|x64.Build.0 = Debug|Any CPU
		{E02A7EEB-5A6C-4B74-BCE7-D38742CAD851}.Debug|x86.ActiveCfg = Debug|Any CPU
		{E02A7EEB-5A6C-4B74-BCE7-D38742CAD851}.Debug|x86.Build.0 = Debug|Any CPU
		{E02A7EEB-5A6C-4B74-BCE7-D38742CAD851}.Release|Any CPU.ActiveCfg = Release|Any CPU
		{E02A7EEB-5A6C-4B74-BCE7-D38742CAD851}.Release|Any CPU.Build.0 = Release|Any CPU
		{E02A7EEB-5A6C-4B74-BCE7-D38742CAD851}.Release|x64.ActiveCfg = Release|Any CPU
		{E02A7EEB-5A6C-4B74-BCE7-D38742CAD851}.Release|x64.Build.0 = Release|Any CPU
		{E02A7EEB-5A6C-4B74-BCE7-D38742CAD851}.Release|x86.ActiveCfg = Release|Any CPU
		{E02A7EEB-5A6C-4B74-BCE7-D38742CAD851}.Release|x86.Build.0 = Release|Any CPU
	EndGlobalSection
	GlobalSection(NestedProjects) = preSolution
		{73C5A126-78B7-4DA4-91EC-206F07D80AFC} = {D1FA010D-4E50-4A21-A0BE-B2204038CB70}
		{686FBD61-1135-47D2-A01C-F08D8817974C} = {73C5A126-78B7-4DA4-91EC-206F07D80AFC}
		{143F6389-F452-4E48-AC8D-559CD67A0BF4} = {686FBD61-1135-47D2-A01C-F08D8817974C}
		{F7AFAA50-0C31-49B9-8861-EAF8DAC6A54C} = {73C5A126-78B7-4DA4-91EC-206F07D80AFC}
		{9DAADE4E-1CD5-4DD5-8879-13865268378C} = {F7AFAA50-0C31-49B9-8861-EAF8DAC6A54C}
		{E3BE1258-F936-4A27-A0C1-B726EA4A8253} = {D1FA010D-4E50-4A21-A0BE-B2204038CB70}
		{76B580E5-1185-44C1-B0C6-7523003506A9} = {E3BE1258-F936-4A27-A0C1-B726EA4A8253}
		{0E752B72-9407-4BF2-B97B-7A11DE39E85A} = {E3BE1258-F936-4A27-A0C1-B726EA4A8253}
		{03DC353D-955B-482A-9045-878A451B5A6D} = {D1FA010D-4E50-4A21-A0BE-B2204038CB70}
		{4A3D87A0-93D4-4F27-BCA7-184FDD790A83} = {03DC353D-955B-482A-9045-878A451B5A6D}
		{938871EB-D0A3-4374-A332-3257B0E8A49C} = {BA585B52-A175-41CB-BBF3-82D3B142164C}
		{5DC16D1C-FD46-4D27-811F-8B8DE8A642BB} = {938871EB-D0A3-4374-A332-3257B0E8A49C}
		{C990F8F1-9EEF-43C2-85DA-A9FC8D3265AD} = {BA585B52-A175-41CB-BBF3-82D3B142164C}
		{8BD1FA41-40C1-4046-BA96-A124C5A0EC24} = {C990F8F1-9EEF-43C2-85DA-A9FC8D3265AD}
		{249C7460-DB7B-4F9E-883F-BE5423502A02} = {8BD1FA41-40C1-4046-BA96-A124C5A0EC24}
		{F20C1301-FF43-499B-8E58-B60667C52051} = {C990F8F1-9EEF-43C2-85DA-A9FC8D3265AD}
		{E02A7EEB-5A6C-4B74-BCE7-D38742CAD851} = {F20C1301-FF43-499B-8E58-B60667C52051}
	EndGlobalSection
EndGlobal
